
Microsoft Visual Studio Solution File, Format Version 12.00
# Visual Studio Version 16
VisualStudioVersion = 16.0.31005.135
MinimumVisualStudioVersion = 10.0.40219.1
Project("{8BC9CEB8-8B4A-11D0-8D11-00A0C91BC942}") = "unit_test", "unit_test.vcxproj", "{C18F3230-8886-4F60-B89A-71ACB6AC6EB0}"
EndProject
Global
	GlobalSection(SolutionConfigurationPlatforms) = preSolution
		Debug|x64 = Debug|x64
		Debug|x86 = Debug|x86
		Release|x64 = Release|x64
		Release|x86 = Release|x86
	EndGlobalSection
	GlobalSection(ProjectConfigurationPlatforms) = postSolution
		{C18F3230-8886-4F60-B89A-71ACB6AC6EB0}.Debug|x64.ActiveCfg = Debug|x64
		{C18F3230-8886-4F60-B89A-71ACB6AC6EB0}.Debug|x64.Build.0 = Debug|x64
		{C18F3230-8886-4F60-B89A-71ACB6AC6EB0}.Debug|x86.ActiveCfg = Debug|Win32
		{C18F3230-8886-4F60-B89A-71ACB6AC6EB0}.Debug|x86.Build.0 = Debug|Win32
		{C18F3230-8886-4F60-B89A-71ACB6AC6EB0}.Release|x64.ActiveCfg = Release|x64
		{C18F3230-8886-4F60-B89A-71ACB6AC6EB0}.Release|x64.Build.0 = Release|x64
		{C18F3230-8886-4F60-B89A-71ACB6AC6EB0}.Release|x86.ActiveCfg = Release|Win32
		{C18F3230-8886-4F60-B89A-71ACB6AC6EB0}.Release|x86.Build.0 = Release|Win32
	EndGlobalSection
	GlobalSection(SolutionProperties) = preSolution
		HideSolutionNode = FALSE
	EndGlobalSection
	GlobalSection(ExtensibilityGlobals) = postSolution
		SolutionGuid = {A2799FF8-4BC8-4FC0-938B-2221FDB88848}
	EndGlobalSection
EndGlobal
